<?xml version="1.0" encoding="utf-8"?>
<Project ToolsVersion="4.0" xmlns="http://schemas.microsoft.com/developer/msbuild/2003">
  <ItemGroup>
    <Filter Include="Source Files">
      <UniqueIdentifier>{4FC737F1-C7A5-4376-A066-2A32D752A2FF}</UniqueIdentifier>
      <Extensions>cpp;c;cc;cxx;def;odl;idl;hpj;bat;asm;asmx</Extensions>
    </Filter>
    <Filter Include="Header Files">
      <UniqueIdentifier>{93995380-89BD-4b04-88EB-625FBE52EBFB}</UniqueIdentifier>
      <Extensions>h;hh;hpp;hxx;hm;inl;inc;ipp;xsd</Extensions>
    </Filter>
    <Filter Include="Resource Files">
      <UniqueIdentifier>{67DA6AB6-F800-4c08-8B7A-83BB121AAD01}</UniqueIdentifier>
      <Extensions>rc;ico;cur;bmp;dlg;rc2;rct;bin;rgs;gif;jpg;jpeg;jpe;resx;tiff;tif;png;wav;mfcribbon-ms</Extensions>
    </Filter>
  </ItemGroup>
  <ItemGroup>
    <ClCompile Include="AurellRayTracer.cpp">
      <Filter>Source Files</Filter>
    </ClCompile>
    <ClCompile Include="Camera.cpp">
      <Filter>Source Files</Filter>
    </ClCompile>
    <ClCompile Include="Ray.cpp">
      <Filter>Source Files</Filter>
    </ClCompile>
    <ClCompile Include="Utils.cpp">
      <Filter>Source Files</Filter>
    </ClCompile>
    <ClCompile Include="glad.c">
      <Filter>Source Files</Filter>
    </ClCompile>
    <ClCompile Include="Material.cpp">
      <Filter>Source Files</Filter>
    </ClCompile>
    <ClCompile Include="ModelLoader.cpp">
      <Filter>Source Files</Filter>
    </ClCompile>
    <ClCompile Include="Triangle.cpp">
      <Filter>Source Files</Filter>
    </ClCompile>
    <ClCompile Include="BSDF.cpp">
      <Filter>Source Files</Filter>
    </ClCompile>
    <ClCompile Include="BxDF.cpp">
      <Filter>Source Files</Filter>
    </ClCompile>
    <ClCompile Include="LambertianReflection.cpp">
      <Filter>Source Files</Filter>
    </ClCompile>
    <ClCompile Include="Embree.cpp">
      <Filter>Source Files</Filter>
    </ClCompile>
    <ClCompile Include="Mesh.cpp">
      <Filter>Source Files</Filter>
    </ClCompile>
    <ClCompile Include="LambertianTransmission.cpp">
      <Filter>Source Files</Filter>
    </ClCompile>
    <ClCompile Include="Texture.cpp">
      <Filter>Source Files</Filter>
    </ClCompile>
    <ClCompile Include="OrenNayarReflection.cpp">
      <Filter>Source Files</Filter>
    </ClCompile>
    <ClCompile Include="MicrofacetDistribution.cpp">
      <Filter>Source Files</Filter>
    </ClCompile>
    <ClCompile Include="BeckmannSpizzichino.cpp">
      <Filter>Source Files</Filter>
    </ClCompile>
    <ClCompile Include="TorranceSparrowTransmission.cpp">
      <Filter>Source Files</Filter>
    </ClCompile>
    <ClCompile Include="TorranceSparrowReflection.cpp">
      <Filter>Source Files</Filter>
    </ClCompile>
    <ClCompile Include="Specular.cpp">
      <Filter>Source Files</Filter>
    </ClCompile>
    <ClCompile Include="FresnelBlend.cpp">
      <Filter>Source Files</Filter>
    </ClCompile>
    <ClCompile Include="Distribution1D.cpp">
      <Filter>Source Files</Filter>
    </ClCompile>
    <ClCompile Include="Distribution2D.cpp">
      <Filter>Source Files</Filter>
    </ClCompile>
    <ClCompile Include="TrowbridgeReitz.cpp">
      <Filter>Source Files</Filter>
    </ClCompile>
    <ClCompile Include="Shape.cpp">
      <Filter>Source Files</Filter>
    </ClCompile>
    <ClCompile Include="Sphere.cpp">
      <Filter>Source Files</Filter>
    </ClCompile>
    <ClCompile Include="Transform.cpp">
      <Filter>Source Files</Filter>
    </ClCompile>
    <ClCompile Include="Light.cpp">
      <Filter>Source Files</Filter>
    </ClCompile>
    <ClCompile Include="UnitTests.cpp">
      <Filter>Source Files</Filter>
    </ClCompile>
    <ClCompile Include="SamplerIntegrator.cpp">
      <Filter>Source Files</Filter>
    </ClCompile>
    <ClCompile Include="Film.cpp">
      <Filter>Source Files</Filter>
    </ClCompile>
    <ClCompile Include="Sampler.cpp">
      <Filter>Source Files</Filter>
    </ClCompile>
    <ClCompile Include="Scene.cpp">
      <Filter>Source Files</Filter>
    </ClCompile>
    <ClCompile Include="PixelSampler.cpp">
      <Filter>Source Files</Filter>
    </ClCompile>
    <ClCompile Include="StratifiedSampler.cpp">
      <Filter>Source Files</Filter>
    </ClCompile>
    <ClCompile Include="SimpleRandomSampler.cpp">
      <Filter>Source Files</Filter>
    </ClCompile>
    <ClCompile Include="RenderTests.cpp">
      <Filter>Source Files</Filter>
    </ClCompile>
    <ClCompile Include="Application.cpp">
      <Filter>Source Files</Filter>
    </ClCompile>
    <ClCompile Include="Integrator.cpp">
      <Filter>Source Files</Filter>
    </ClCompile>
    <ClCompile Include="ApplicationOld.cpp">
      <Filter>Source Files</Filter>
    </ClCompile>
    <ClCompile Include="InputManager.cpp">
      <Filter>Source Files</Filter>
    </ClCompile>
    <ClCompile Include="IntegratorOld.cpp">
      <Filter>Source Files</Filter>
    </ClCompile>
    <ClCompile Include="NavigationRenderer.cpp">
      <Filter>Source Files</Filter>
    </ClCompile>
    <ClCompile Include="PathTracer.cpp">
      <Filter>Source Files</Filter>
    </ClCompile>
    <ClCompile Include="RayTracerCPU.cpp">
      <Filter>Source Files</Filter>
    </ClCompile>
    <ClCompile Include="Renderer.cpp">
      <Filter>Source Files</Filter>
    </ClCompile>
    <ClCompile Include="VulkanInstance.cpp">
      <Filter>Source Files</Filter>
    </ClCompile>
  </ItemGroup>
  <ItemGroup>
    <ClInclude Include="Camera.h">
      <Filter>Header Files</Filter>
    </ClInclude>
    <ClInclude Include="Ray.h">
      <Filter>Header Files</Filter>
    </ClInclude>
    <ClInclude Include="Utils.h">
      <Filter>Header Files</Filter>
    </ClInclude>
    <ClInclude Include="KHR\khrplatform.h">
      <Filter>Header Files</Filter>
    </ClInclude>
    <ClInclude Include="Material.h">
      <Filter>Header Files</Filter>
    </ClInclude>
    <ClInclude Include="HitRecord.h">
      <Filter>Header Files</Filter>
    </ClInclude>
    <ClInclude Include="ScatterRecord.h">
      <Filter>Header Files</Filter>
    </ClInclude>
    <ClInclude Include="Texture.h">
      <Filter>Header Files</Filter>
    </ClInclude>
    <ClInclude Include="ModelLoader.h">
      <Filter>Header Files</Filter>
    </ClInclude>
    <ClInclude Include="TinyObjLoader.h">
      <Filter>Header Files</Filter>
    </ClInclude>
    <ClInclude Include="Triangle.h">
      <Filter>Header Files</Filter>
    </ClInclude>
    <ClInclude Include="Vertex.h">
      <Filter>Header Files</Filter>
    </ClInclude>
    <ClInclude Include="BSDF.h">
      <Filter>Header Files</Filter>
    </ClInclude>
    <ClInclude Include="BxDF.h">
      <Filter>Header Files</Filter>
    </ClInclude>
    <ClInclude Include="LambertianReflection.h">
      <Filter>Header Files</Filter>
    </ClInclude>
    <ClInclude Include="Mesh.h">
      <Filter>Header Files</Filter>
    </ClInclude>
    <ClInclude Include="Transform.h">
      <Filter>Header Files</Filter>
    </ClInclude>
    <ClInclude Include="LambertianTransmission.h">
      <Filter>Header Files</Filter>
    </ClInclude>
    <ClInclude Include="OrenNayarReflection.h">
      <Filter>Header Files</Filter>
    </ClInclude>
    <ClInclude Include="MicrofacetDistribution.h">
      <Filter>Header Files</Filter>
    </ClInclude>
    <ClInclude Include="BeckmannSpizzichino.h">
      <Filter>Header Files</Filter>
    </ClInclude>
    <ClInclude Include="TorranceSparrowTransmission.h">
      <Filter>Header Files</Filter>
    </ClInclude>
    <ClInclude Include="TorranceSparrowReflection.h">
      <Filter>Header Files</Filter>
    </ClInclude>
    <ClInclude Include="Specular.h">
      <Filter>Header Files</Filter>
    </ClInclude>
    <ClInclude Include="FresnelBlend.h">
      <Filter>Header Files</Filter>
    </ClInclude>
    <ClInclude Include="Distribution1D.h">
      <Filter>Header Files</Filter>
    </ClInclude>
    <ClInclude Include="Distribution2D.h">
      <Filter>Header Files</Filter>
    </ClInclude>
    <ClInclude Include="TrowbridgeReitz.h">
      <Filter>Header Files</Filter>
    </ClInclude>
    <ClInclude Include="Shape.h">
      <Filter>Header Files</Filter>
    </ClInclude>
    <ClInclude Include="Sphere.h">
      <Filter>Header Files</Filter>
    </ClInclude>
    <ClInclude Include="Light.h">
      <Filter>Header Files</Filter>
    </ClInclude>
    <ClInclude Include="SamplerIntegrator.h">
      <Filter>Header Files</Filter>
    </ClInclude>
    <ClInclude Include="Film.h">
      <Filter>Header Files</Filter>
    </ClInclude>
    <ClInclude Include="Sampler.h">
      <Filter>Header Files</Filter>
    </ClInclude>
    <ClInclude Include="Scene.h">
      <Filter>Header Files</Filter>
    </ClInclude>
    <ClInclude Include="PixelSampler.h">
      <Filter>Header Files</Filter>
    </ClInclude>
    <ClInclude Include="StratifiedSampler.h">
      <Filter>Header Files</Filter>
    </ClInclude>
    <ClInclude Include="SimpleRandomSampler.h">
      <Filter>Header Files</Filter>
    </ClInclude>
    <ClInclude Include="Application.h">
      <Filter>Header Files</Filter>
    </ClInclude>
    <ClInclude Include="Integrator.h">
      <Filter>Header Files</Filter>
    </ClInclude>
    <ClInclude Include="ApplicationOld.h">
      <Filter>Header Files</Filter>
    </ClInclude>
    <ClInclude Include="InputManager.h">
      <Filter>Header Files</Filter>
    </ClInclude>
    <ClInclude Include="IntegratorOld.h">
      <Filter>Header Files</Filter>
    </ClInclude>
    <ClInclude Include="NavigationRenderer.h">
      <Filter>Header Files</Filter>
    </ClInclude>
    <ClInclude Include="PathTracer.h">
      <Filter>Header Files</Filter>
    </ClInclude>
    <ClInclude Include="PDF.h">
      <Filter>Header Files</Filter>
    </ClInclude>
    <ClInclude Include="RayTracerCPU.h">
      <Filter>Header Files</Filter>
    </ClInclude>
    <ClInclude Include="Renderer.h">
      <Filter>Header Files</Filter>
    </ClInclude>
    <ClInclude Include="VulkanInstance.h">
      <Filter>Header Files</Filter>
    </ClInclude>
    <ClInclude Include="ThirdParty\Headers\stb_image.h">
      <Filter>Header Files</Filter>
    </ClInclude>
    <ClInclude Include="ThirdParty\Headers\glad\glad.h">
      <Filter>Header Files</Filter>
    </ClInclude>
    <ClInclude Include="Embree.h">
      <Filter>Header Files</Filter>
    </ClInclude>
  </ItemGroup>
  <ItemGroup>
    <None Include="Shaders\shader.frag" />
    <None Include="Shaders\shader.vert" />
  </ItemGroup>
</Project>